// !$*UTF8*$!
{
	archiveVersion = 1;
	classes = {
	};
	objectVersion = 56;
	objects = {

/* Begin PBXBuildFile section */
		965108172B59318A00572D4B /* AppDelegate.swift in Sources */ = {isa = PBXBuildFile; fileRef = 965108162B59318A00572D4B /* AppDelegate.swift */; };
		965108192B59318A00572D4B /* SceneDelegate.swift in Sources */ = {isa = PBXBuildFile; fileRef = 965108182B59318A00572D4B /* SceneDelegate.swift */; };
		9651081B2B59318A00572D4B /* ViewController.swift in Sources */ = {isa = PBXBuildFile; fileRef = 9651081A2B59318A00572D4B /* ViewController.swift */; };
		965108202B59318B00572D4B /* Assets.xcassets in Resources */ = {isa = PBXBuildFile; fileRef = 9651081F2B59318B00572D4B /* Assets.xcassets */; };
		965108232B59318B00572D4B /* LaunchScreen.storyboard in Resources */ = {isa = PBXBuildFile; fileRef = 965108212B59318B00572D4B /* LaunchScreen.storyboard */; };
		9651082C2B5933A600572D4B /* Apollo in Frameworks */ = {isa = PBXBuildFile; productRef = 9651082B2B5933A600572D4B /* Apollo */; };
		966DC32C2B5946AE00B337E9 /* schema.graphqls in Resources */ = {isa = PBXBuildFile; fileRef = 966DC32B2B5946AE00B337E9 /* schema.graphqls */; };
		966DC3322B5961A500B337E9 /* PomoschAPI in Frameworks */ = {isa = PBXBuildFile; productRef = 966DC3312B5961A500B337E9 /* PomoschAPI */; };
		966DC33A2B59657700B337E9 /* PomoschGqlService.swift in Sources */ = {isa = PBXBuildFile; fileRef = 966DC3392B59657700B337E9 /* PomoschGqlService.swift */; };
		966DC33C2B59660300B337E9 /* R.swift in Sources */ = {isa = PBXBuildFile; fileRef = 966DC33B2B59660300B337E9 /* R.swift */; };
/* End PBXBuildFile section */

/* Begin PBXFileReference section */
		965108132B59318A00572D4B /* PomoschApp.app */ = {isa = PBXFileReference; explicitFileType = wrapper.application; includeInIndex = 0; path = PomoschApp.app; sourceTree = BUILT_PRODUCTS_DIR; };
		965108162B59318A00572D4B /* AppDelegate.swift */ = {isa = PBXFileReference; lastKnownFileType = sourcecode.swift; path = AppDelegate.swift; sourceTree = "<group>"; };
		965108182B59318A00572D4B /* SceneDelegate.swift */ = {isa = PBXFileReference; lastKnownFileType = sourcecode.swift; path = SceneDelegate.swift; sourceTree = "<group>"; };
		9651081A2B59318A00572D4B /* ViewController.swift */ = {isa = PBXFileReference; lastKnownFileType = sourcecode.swift; path = ViewController.swift; sourceTree = "<group>"; };
		9651081F2B59318B00572D4B /* Assets.xcassets */ = {isa = PBXFileReference; lastKnownFileType = folder.assetcatalog; path = Assets.xcassets; sourceTree = "<group>"; };
		965108222B59318B00572D4B /* Base */ = {isa = PBXFileReference; lastKnownFileType = file.storyboard; name = Base; path = Base.lproj/LaunchScreen.storyboard; sourceTree = "<group>"; };
		965108242B59318B00572D4B /* Info.plist */ = {isa = PBXFileReference; lastKnownFileType = text.plist.xml; path = Info.plist; sourceTree = "<group>"; };
		966DC32B2B5946AE00B337E9 /* schema.graphqls */ = {isa = PBXFileReference; fileEncoding = 4; lastKnownFileType = text; path = schema.graphqls; sourceTree = "<group>"; };
		966DC32D2B5960CA00B337E9 /* paginatedWardsQuery.graphql */ = {isa = PBXFileReference; lastKnownFileType = text; path = paginatedWardsQuery.graphql; sourceTree = "<group>"; };
		966DC32F2B59614300B337E9 /* PomoschAPI */ = {isa = PBXFileReference; lastKnownFileType = wrapper; path = PomoschAPI; sourceTree = "<group>"; };
		966DC3392B59657700B337E9 /* PomoschGqlService.swift */ = {isa = PBXFileReference; lastKnownFileType = sourcecode.swift; path = PomoschGqlService.swift; sourceTree = "<group>"; };
		966DC33B2B59660300B337E9 /* R.swift */ = {isa = PBXFileReference; lastKnownFileType = sourcecode.swift; path = R.swift; sourceTree = "<group>"; };
/* End PBXFileReference section */

/* Begin PBXFrameworksBuildPhase section */
		965108102B59318A00572D4B /* Frameworks */ = {
			isa = PBXFrameworksBuildPhase;
			buildActionMask = 2147483647;
			files = (
				9651082C2B5933A600572D4B /* Apollo in Frameworks */,
				966DC3322B5961A500B337E9 /* PomoschAPI in Frameworks */,
			);
			runOnlyForDeploymentPostprocessing = 0;
		};
/* End PBXFrameworksBuildPhase section */

/* Begin PBXGroup section */
		9651080A2B59318A00572D4B = {
			isa = PBXGroup;
			children = (
				966DC32E2B59614300B337E9 /* Packages */,
				965108152B59318A00572D4B /* PomoschApp */,
				965108142B59318A00572D4B /* Products */,
				966DC3302B5961A500B337E9 /* Frameworks */,
				965108242B59318B00572D4B /* Info.plist */,
			);
			sourceTree = "<group>";
		};
		965108142B59318A00572D4B /* Products */ = {
			isa = PBXGroup;
			children = (
				965108132B59318A00572D4B /* PomoschApp.app */,
			);
			name = Products;
			sourceTree = "<group>";
		};
		965108152B59318A00572D4B /* PomoschApp */ = {
			isa = PBXGroup;
			children = (
				966DC3352B5962F200B337E9 /* Modules */,
				966DC3342B5962E300B337E9 /* Services */,
				966DC32A2B5946AE00B337E9 /* graphql */,
				966DC3332B5962C800B337E9 /* Resources */,
			);
			path = PomoschApp;
			sourceTree = "<group>";
		};
		966DC32A2B5946AE00B337E9 /* graphql */ = {
			isa = PBXGroup;
			children = (
				966DC32B2B5946AE00B337E9 /* schema.graphqls */,
				966DC32D2B5960CA00B337E9 /* paginatedWardsQuery.graphql */,
			);
			path = graphql;
			sourceTree = SOURCE_ROOT;
		};
		966DC32E2B59614300B337E9 /* Packages */ = {
			isa = PBXGroup;
			children = (
				966DC32F2B59614300B337E9 /* PomoschAPI */,
			);
			name = Packages;
			sourceTree = "<group>";
		};
		966DC3302B5961A500B337E9 /* Frameworks */ = {
			isa = PBXGroup;
			children = (
			);
			name = Frameworks;
			sourceTree = "<group>";
		};
		966DC3332B5962C800B337E9 /* Resources */ = {
			isa = PBXGroup;
			children = (
				965108162B59318A00572D4B /* AppDelegate.swift */,
				965108182B59318A00572D4B /* SceneDelegate.swift */,
				9651081F2B59318B00572D4B /* Assets.xcassets */,
				965108212B59318B00572D4B /* LaunchScreen.storyboard */,
				966DC33B2B59660300B337E9 /* R.swift */,
			);
			path = Resources;
			sourceTree = "<group>";
		};
		966DC3342B5962E300B337E9 /* Services */ = {
			isa = PBXGroup;
			children = (
				966DC3392B59657700B337E9 /* PomoschGqlService.swift */,
			);
			path = Services;
			sourceTree = "<group>";
		};
		966DC3352B5962F200B337E9 /* Modules */ = {
			isa = PBXGroup;
			children = (
				966DC3362B59630500B337E9 /* Core */,
				966DC3372B59631C00B337E9 /* WardsListModule */,
				966DC3382B59632C00B337E9 /* WardDetailsModule */,
			);
			path = Modules;
			sourceTree = "<group>";
		};
		966DC3362B59630500B337E9 /* Core */ = {
			isa = PBXGroup;
			children = (
				9651081A2B59318A00572D4B /* ViewController.swift */,
			);
			path = Core;
			sourceTree = "<group>";
		};
		966DC3372B59631C00B337E9 /* WardsListModule */ = {
			isa = PBXGroup;
			children = (
			);
			path = WardsListModule;
			sourceTree = "<group>";
		};
		966DC3382B59632C00B337E9 /* WardDetailsModule */ = {
			isa = PBXGroup;
			children = (
			);
			path = WardDetailsModule;
			sourceTree = "<group>";
		};
/* End PBXGroup section */

/* Begin PBXNativeTarget section */
		965108122B59318A00572D4B /* PomoschApp */ = {
			isa = PBXNativeTarget;
			buildConfigurationList = 965108272B59318B00572D4B /* Build configuration list for PBXNativeTarget "PomoschApp" */;
			buildPhases = (
				9651080F2B59318A00572D4B /* Sources */,
				965108102B59318A00572D4B /* Frameworks */,
				965108112B59318A00572D4B /* Resources */,
			);
			buildRules = (
			);
			dependencies = (
			);
			name = PomoschApp;
			packageProductDependencies = (
				9651082B2B5933A600572D4B /* Apollo */,
				966DC3312B5961A500B337E9 /* PomoschAPI */,
			);
			productName = PomoschApp;
			productReference = 965108132B59318A00572D4B /* PomoschApp.app */;
			productType = "com.apple.product-type.application";
		};
/* End PBXNativeTarget section */

/* Begin PBXProject section */
		9651080B2B59318A00572D4B /* Project object */ = {
			isa = PBXProject;
			attributes = {
				BuildIndependentTargetsInParallel = 1;
				LastSwiftUpdateCheck = 1420;
				LastUpgradeCheck = 1420;
				TargetAttributes = {
					965108122B59318A00572D4B = {
						CreatedOnToolsVersion = 14.2;
					};
				};
			};
			buildConfigurationList = 9651080E2B59318A00572D4B /* Build configuration list for PBXProject "PomoschApp" */;
			compatibilityVersion = "Xcode 14.0";
			developmentRegion = en;
			hasScannedForEncodings = 0;
			knownRegions = (
				en,
				Base,
			);
			mainGroup = 9651080A2B59318A00572D4B;
			packageReferences = (
				9651082A2B5933A600572D4B /* XCRemoteSwiftPackageReference "apollo-ios" */,
			);
			productRefGroup = 965108142B59318A00572D4B /* Products */;
			projectDirPath = "";
			projectRoot = "";
			targets = (
				965108122B59318A00572D4B /* PomoschApp */,
			);
		};
/* End PBXProject section */

/* Begin PBXResourcesBuildPhase section */
		965108112B59318A00572D4B /* Resources */ = {
			isa = PBXResourcesBuildPhase;
			buildActionMask = 2147483647;
			files = (
				966DC32C2B5946AE00B337E9 /* schema.graphqls in Resources */,
				965108232B59318B00572D4B /* LaunchScreen.storyboard in Resources */,
				965108202B59318B00572D4B /* Assets.xcassets in Resources */,
			);
			runOnlyForDeploymentPostprocessing = 0;
		};
/* End PBXResourcesBuildPhase section */

/* Begin PBXSourcesBuildPhase section */
		9651080F2B59318A00572D4B /* Sources */ = {
			isa = PBXSourcesBuildPhase;
			buildActionMask = 2147483647;
			files = (
				966DC33A2B59657700B337E9 /* PomoschGqlService.swift in Sources */,
				9651081B2B59318A00572D4B /* ViewController.swift in Sources */,
				965108172B59318A00572D4B /* AppDelegate.swift in Sources */,
				966DC33C2B59660300B337E9 /* R.swift in Sources */,
				965108192B59318A00572D4B /* SceneDelegate.swift in Sources */,
			);
			runOnlyForDeploymentPostprocessing = 0;
		};
/* End PBXSourcesBuildPhase section */

/* Begin PBXVariantGroup section */
		965108212B59318B00572D4B /* LaunchScreen.storyboard */ = {
			isa = PBXVariantGroup;
			children = (
				965108222B59318B00572D4B /* Base */,
			);
			name = LaunchScreen.storyboard;
			sourceTree = "<group>";
		};
/* End PBXVariantGroup section */

/* Begin XCBuildConfiguration section */
		965108252B59318B00572D4B /* Debug */ = {
			isa = XCBuildConfiguration;
			buildSettings = {
				ALWAYS_SEARCH_USER_PATHS = NO;
				CLANG_ANALYZER_NONNULL = YES;
				CLANG_ANALYZER_NUMBER_OBJECT_CONVERSION = YES_AGGRESSIVE;
				CLANG_CXX_LANGUAGE_STANDARD = "gnu++20";
				CLANG_ENABLE_MODULES = YES;
				CLANG_ENABLE_OBJC_ARC = YES;
				CLANG_ENABLE_OBJC_WEAK = YES;
				CLANG_WARN_BLOCK_CAPTURE_AUTORELEASING = YES;
				CLANG_WARN_BOOL_CONVERSION = YES;
				CLANG_WARN_COMMA = YES;
				CLANG_WARN_CONSTANT_CONVERSION = YES;
				CLANG_WARN_DEPRECATED_OBJC_IMPLEMENTATIONS = YES;
				CLANG_WARN_DIRECT_OBJC_ISA_USAGE = YES_ERROR;
				CLANG_WARN_DOCUMENTATION_COMMENTS = YES;
				CLANG_WARN_EMPTY_BODY = YES;
				CLANG_WARN_ENUM_CONVERSION = YES;
				CLANG_WARN_INFINITE_RECURSION = YES;
				CLANG_WARN_INT_CONVERSION = YES;
				CLANG_WARN_NON_LITERAL_NULL_CONVERSION = YES;
				CLANG_WARN_OBJC_IMPLICIT_RETAIN_SELF = YES;
				CLANG_WARN_OBJC_LITERAL_CONVERSION = YES;
				CLANG_WARN_OBJC_ROOT_CLASS = YES_ERROR;
				CLANG_WARN_QUOTED_INCLUDE_IN_FRAMEWORK_HEADER = YES;
				CLANG_WARN_RANGE_LOOP_ANALYSIS = YES;
				CLANG_WARN_STRICT_PROTOTYPES = YES;
				CLANG_WARN_SUSPICIOUS_MOVE = YES;
				CLANG_WARN_UNGUARDED_AVAILABILITY = YES_AGGRESSIVE;
				CLANG_WARN_UNREACHABLE_CODE = YES;
				CLANG_WARN__DUPLICATE_METHOD_MATCH = YES;
				COPY_PHASE_STRIP = NO;
				DEBUG_INFORMATION_FORMAT = dwarf;
				ENABLE_STRICT_OBJC_MSGSEND = YES;
				ENABLE_TESTABILITY = YES;
				GCC_C_LANGUAGE_STANDARD = gnu11;
				GCC_DYNAMIC_NO_PIC = NO;
				GCC_NO_COMMON_BLOCKS = YES;
				GCC_OPTIMIZATION_LEVEL = 0;
				GCC_PREPROCESSOR_DEFINITIONS = (
					"DEBUG=1",
					"$(inherited)",
				);
				GCC_WARN_64_TO_32_BIT_CONVERSION = YES;
				GCC_WARN_ABOUT_RETURN_TYPE = YES_ERROR;
				GCC_WARN_UNDECLARED_SELECTOR = YES;
				GCC_WARN_UNINITIALIZED_AUTOS = YES_AGGRESSIVE;
				GCC_WARN_UNUSED_FUNCTION = YES;
				GCC_WARN_UNUSED_VARIABLE = YES;
				IPHONEOS_DEPLOYMENT_TARGET = 16.2;
				MTL_ENABLE_DEBUG_INFO = INCLUDE_SOURCE;
				MTL_FAST_MATH = YES;
				ONLY_ACTIVE_ARCH = YES;
				SDKROOT = iphoneos;
				SWIFT_ACTIVE_COMPILATION_CONDITIONS = DEBUG;
				SWIFT_OPTIMIZATION_LEVEL = "-Onone";
			};
			name = Debug;
		};
		965108262B59318B00572D4B /* Release */ = {
			isa = XCBuildConfiguration;
			buildSettings = {
				ALWAYS_SEARCH_USER_PATHS = NO;
				CLANG_ANALYZER_NONNULL = YES;
				CLANG_ANALYZER_NUMBER_OBJECT_CONVERSION = YES_AGGRESSIVE;
				CLANG_CXX_LANGUAGE_STANDARD = "gnu++20";
				CLANG_ENABLE_MODULES = YES;
				CLANG_ENABLE_OBJC_ARC = YES;
				CLANG_ENABLE_OBJC_WEAK = YES;
				CLANG_WARN_BLOCK_CAPTURE_AUTORELEASING = YES;
				CLANG_WARN_BOOL_CONVERSION = YES;
				CLANG_WARN_COMMA = YES;
				CLANG_WARN_CONSTANT_CONVERSION = YES;
				CLANG_WARN_DEPRECATED_OBJC_IMPLEMENTATIONS = YES;
				CLANG_WARN_DIRECT_OBJC_ISA_USAGE = YES_ERROR;
				CLANG_WARN_DOCUMENTATION_COMMENTS = YES;
				CLANG_WARN_EMPTY_BODY = YES;
				CLANG_WARN_ENUM_CONVERSION = YES;
				CLANG_WARN_INFINITE_RECURSION = YES;
				CLANG_WARN_INT_CONVERSION = YES;
				CLANG_WARN_NON_LITERAL_NULL_CONVERSION = YES;
				CLANG_WARN_OBJC_IMPLICIT_RETAIN_SELF = YES;
				CLANG_WARN_OBJC_LITERAL_CONVERSION = YES;
				CLANG_WARN_OBJC_ROOT_CLASS = YES_ERROR;
				CLANG_WARN_QUOTED_INCLUDE_IN_FRAMEWORK_HEADER = YES;
				CLANG_WARN_RANGE_LOOP_ANALYSIS = YES;
				CLANG_WARN_STRICT_PROTOTYPES = YES;
				CLANG_WARN_SUSPICIOUS_MOVE = YES;
				CLANG_WARN_UNGUARDED_AVAILABILITY = YES_AGGRESSIVE;
				CLANG_WARN_UNREACHABLE_CODE = YES;
				CLANG_WARN__DUPLICATE_METHOD_MATCH = YES;
				COPY_PHASE_STRIP = NO;
				DEBUG_INFORMATION_FORMAT = "dwarf-with-dsym";
				ENABLE_NS_ASSERTIONS = NO;
				ENABLE_STRICT_OBJC_MSGSEND = YES;
				GCC_C_LANGUAGE_STANDARD = gnu11;
				GCC_NO_COMMON_BLOCKS = YES;
				GCC_WARN_64_TO_32_BIT_CONVERSION = YES;
				GCC_WARN_ABOUT_RETURN_TYPE = YES_ERROR;
				GCC_WARN_UNDECLARED_SELECTOR = YES;
				GCC_WARN_UNINITIALIZED_AUTOS = YES_AGGRESSIVE;
				GCC_WARN_UNUSED_FUNCTION = YES;
				GCC_WARN_UNUSED_VARIABLE = YES;
				IPHONEOS_DEPLOYMENT_TARGET = 16.2;
				MTL_ENABLE_DEBUG_INFO = NO;
				MTL_FAST_MATH = YES;
				SDKROOT = iphoneos;
				SWIFT_COMPILATION_MODE = wholemodule;
				SWIFT_OPTIMIZATION_LEVEL = "-O";
				VALIDATE_PRODUCT = YES;
			};
			name = Release;
		};
		965108282B59318B00572D4B /* Debug */ = {
			isa = XCBuildConfiguration;
			buildSettings = {
				ASSETCATALOG_COMPILER_APPICON_NAME = AppIcon;
				ASSETCATALOG_COMPILER_GLOBAL_ACCENT_COLOR_NAME = AccentColor;
				CODE_SIGN_STYLE = Automatic;
				CURRENT_PROJECT_VERSION = 1;
				DEVELOPMENT_TEAM = Y5WSGR4QBW;
				GENERATE_INFOPLIST_FILE = YES;
				INFOPLIST_FILE = PomoschApp/Info.plist;
				INFOPLIST_KEY_UIApplicationSupportsIndirectInputEvents = YES;
				INFOPLIST_KEY_UILaunchStoryboardName = LaunchScreen;
				INFOPLIST_KEY_UISupportedInterfaceOrientations = UIInterfaceOrientationPortrait;
				LD_RUNPATH_SEARCH_PATHS = (
					"$(inherited)",
					"@executable_path/Frameworks",
				);
				MARKETING_VERSION = 1.0;
				PRODUCT_BUNDLE_IDENTIFIER = com.antonkh.PomoschApp;
				PRODUCT_NAME = "$(TARGET_NAME)";
				SWIFT_EMIT_LOC_STRINGS = YES;
				SWIFT_VERSION = 5.0;
				TARGETED_DEVICE_FAMILY = "1,2";
			};
			name = Debug;
		};
		965108292B59318B00572D4B /* Release */ = {
			isa = XCBuildConfiguration;
			buildSettings = {
				ASSETCATALOG_COMPILER_APPICON_NAME = AppIcon;
				ASSETCATALOG_COMPILER_GLOBAL_ACCENT_COLOR_NAME = AccentColor;
				CODE_SIGN_STYLE = Automatic;
				CURRENT_PROJECT_VERSION = 1;
				DEVELOPMENT_TEAM = Y5WSGR4QBW;
				GENERATE_INFOPLIST_FILE = YES;
				INFOPLIST_FILE = PomoschApp/Info.plist;
				INFOPLIST_KEY_UIApplicationSupportsIndirectInputEvents = YES;
				INFOPLIST_KEY_UILaunchStoryboardName = LaunchScreen;
				INFOPLIST_KEY_UISupportedInterfaceOrientations = UIInterfaceOrientationPortrait;
				LD_RUNPATH_SEARCH_PATHS = (
					"$(inherited)",
					"@executable_path/Frameworks",
				);
				MARKETING_VERSION = 1.0;
				PRODUCT_BUNDLE_IDENTIFIER = com.antonkh.PomoschApp;
				PRODUCT_NAME = "$(TARGET_NAME)";
				SWIFT_EMIT_LOC_STRINGS = YES;
				SWIFT_VERSION = 5.0;
				TARGETED_DEVICE_FAMILY = "1,2";
			};
			name = Release;
		};
/* End XCBuildConfiguration section */

/* Begin XCConfigurationList section */
		9651080E2B59318A00572D4B /* Build configuration list for PBXProject "PomoschApp" */ = {
			isa = XCConfigurationList;
			buildConfigurations = (
				965108252B59318B00572D4B /* Debug */,
				965108262B59318B00572D4B /* Release */,
			);
			defaultConfigurationIsVisible = 0;
			defaultConfigurationName = Release;
		};
		965108272B59318B00572D4B /* Build configuration list for PBXNativeTarget "PomoschApp" */ = {
			isa = XCConfigurationList;
			buildConfigurations = (
				965108282B59318B00572D4B /* Debug */,
				965108292B59318B00572D4B /* Release */,
			);
			defaultConfigurationIsVisible = 0;
			defaultConfigurationName = Release;
		};
/* End XCConfigurationList section */

/* Begin XCRemoteSwiftPackageReference section */
		9651082A2B5933A600572D4B /* XCRemoteSwiftPackageReference "apollo-ios" */ = {
			isa = XCRemoteSwiftPackageReference;
			repositoryURL = "https://github.com/apollographql/apollo-ios.git";
			requirement = {
				kind = exactVersion;
				version = 1.7.0;
			};
		};
/* End XCRemoteSwiftPackageReference section */

/* Begin XCSwiftPackageProductDependency section */
		9651082B2B5933A600572D4B /* Apollo */ = {
			isa = XCSwiftPackageProductDependency;
			package = 9651082A2B5933A600572D4B /* XCRemoteSwiftPackageReference "apollo-ios" */;
			productName = Apollo;
		};
		966DC3312B5961A500B337E9 /* PomoschAPI */ = {
			isa = XCSwiftPackageProductDependency;
			productName = PomoschAPI;
		};
/* End XCSwiftPackageProductDependency section */
	};
	rootObject = 9651080B2B59318A00572D4B /* Project object */;
}
